<?xml version="1.0" encoding="utf-8"?>
<Project ToolsVersion="4.0" xmlns="http://schemas.microsoft.com/developer/msbuild/2003">
  <ItemGroup>
    <Filter Include="Source Files">
      <UniqueIdentifier>{4FC737F1-C7A5-4376-A066-2A32D752A2FF}</UniqueIdentifier>
      <Extensions>cpp;c;cc;cxx;def;odl;idl;hpj;bat;asm;asmx</Extensions>
    </Filter>
    <Filter Include="Header Files">
      <UniqueIdentifier>{93995380-89BD-4b04-88EB-625FBE52EBFB}</UniqueIdentifier>
      <Extensions>h;hh;hpp;hxx;hm;inl;inc;xsd</Extensions>
    </Filter>
    <Filter Include="Resource Files">
      <UniqueIdentifier>{67DA6AB6-F800-4c08-8B7A-83BB121AAD01}</UniqueIdentifier>
      <Extensions>rc;ico;cur;bmp;dlg;rc2;rct;bin;rgs;gif;jpg;jpeg;jpe;resx;tiff;tif;png;wav;mfcribbon-ms</Extensions>
    </Filter>
    <Filter Include="Resource Files\menu">
      <UniqueIdentifier>{c30adb6d-6c08-4a90-bcb3-44db1482aec6}</UniqueIdentifier>
    </Filter>
    <Filter Include="Resource Files\music">
      <UniqueIdentifier>{ff439c02-f7a5-4e02-9b91-f400acb85359}</UniqueIdentifier>
    </Filter>
    <Filter Include="Resource Files\mack">
      <UniqueIdentifier>{e059a7bd-b297-4097-b2af-479bb6e6078b}</UniqueIdentifier>
    </Filter>
    <Filter Include="Resource Files\ken">
      <UniqueIdentifier>{616cfea9-4225-4306-8872-cda6cc9f3eeb}</UniqueIdentifier>
    </Filter>
  </ItemGroup>
  <ItemGroup>
    <Image Include="homeranim.png">
      <Filter>Resource Files</Filter>
    </Image>
    <Image Include="crate.png">
      <Filter>Resource Files</Filter>
    </Image>
    <Image Include="..\..\..\TemplateProject\vs\Project\bg.png">
      <Filter>Resource Files\menu</Filter>
    </Image>
    <Image Include="..\..\..\TemplateProject\vs\Project\prompt.png">
      <Filter>Resource Files\menu</Filter>
    </Image>
    <Image Include="..\..\..\TemplateProject\vs\Project\title.png">
      <Filter>Resource Files\menu</Filter>
    </Image>
    <Image Include="mack-attack1.png">
      <Filter>Resource Files\mack</Filter>
    </Image>
    <Image Include="mack-dead.png">
      <Filter>Resource Files\mack</Filter>
    </Image>
    <Image Include="mack-run.png">
      <Filter>Resource Files\mack</Filter>
    </Image>
    <Image Include="ken-attack.png">
      <Filter>Resource Files\ken</Filter>
    </Image>
    <Image Include="ken-dead.png">
      <Filter>Resource Files\ken</Filter>
    </Image>
    <Image Include="ken-hit.png">
      <Filter>Resource Files\ken</Filter>
    </Image>
    <Image Include="ken-run.png">
      <Filter>Resource Files\ken</Filter>
    </Image>
    <Image Include="mack-idle.png">
      <Filter>Resource Files\mack</Filter>
    </Image>
    <Image Include="ken-idle.png">
      <Filter>Resource Files\ken</Filter>
    </Image>
    <Image Include="mack-hit.png">
      <Filter>Resource Files\mack</Filter>
    </Image>
  </ItemGroup>
  <ItemGroup>
    <None Include="sprite.frag">
      <Filter>Resource Files</Filter>
    </None>
    <None Include="sprite.vert">
      <Filter>Resource Files</Filter>
    </None>
    <None Include="bensound-funkyelement.ogg">
      <Filter>Resource Files</Filter>
    </None>
    <None Include="text.frag">
      <Filter>Resource Files</Filter>
    </None>
    <None Include="text.vert">
      <Filter>Resource Files</Filter>
    </None>
    <None Include="end.ogg">
      <Filter>Resource Files\music</Filter>
    </None>
    <None Include="bg_music.ogg">
      <Filter>Resource Files\music</Filter>
    </None>
    <None Include="theme.ogg">
      <Filter>Resource Files\music</Filter>
    </None>
    <None Include="start.ogg">
      <Filter>Resource Files\music</Filter>
    </None>
  </ItemGroup>
  <ItemGroup>
    <ClInclude Include="Demo.h">
      <Filter>Header Files</Filter>
    </ClInclude>
    <ClInclude Include="Shader.h">
      <Filter>Header Files</Filter>
    </ClInclude>
    <ClInclude Include="Game.h">
      <Filter>Header Files</Filter>
    </ClInclude>
    <ClInclude Include="Input.h">
      <Filter>Header Files</Filter>
    </ClInclude>
    <ClInclude Include="Setting.h">
      <Filter>Header Files</Filter>
    </ClInclude>
    <ClInclude Include="Texture.h">
      <Filter>Header Files</Filter>
    </ClInclude>
    <ClInclude Include="Sprite.h">
      <Filter>Header Files</Filter>
    </ClInclude>
    <ClInclude Include="Quad.h">
      <Filter>Header Files</Filter>
    </ClInclude>
    <ClInclude Include="BoundingBox.h">
      <Filter>Header Files</Filter>
    </ClInclude>
    <ClInclude Include="Music.h">
      <Filter>Header Files</Filter>
    </ClInclude>
    <ClInclude Include="Sound.h">
      <Filter>Header Files</Filter>
    </ClInclude>
    <ClInclude Include="Text.h">
      <Filter>Header Files</Filter>
    </ClInclude>
    <ClInclude Include="Player.h">
      <Filter>Header Files</Filter>
    </ClInclude>
  </ItemGroup>
  <ItemGroup>
    <ClCompile Include="Demo.cpp">
      <Filter>Source Files</Filter>
    </ClCompile>
    <ClCompile Include="Shader.cpp">
      <Filter>Source Files</Filter>
    </ClCompile>
    <ClCompile Include="Game.cpp">
      <Filter>Source Files</Filter>
    </ClCompile>
    <ClCompile Include="Input.cpp">
      <Filter>Source Files</Filter>
    </ClCompile>
    <ClCompile Include="Setting.cpp">
      <Filter>Source Files</Filter>
    </ClCompile>
    <ClCompile Include="Texture.cpp">
      <Filter>Source Files</Filter>
    </ClCompile>
    <ClCompile Include="Sprite.cpp">
      <Filter>Source Files</Filter>
    </ClCompile>
    <ClCompile Include="Quad.cpp">
      <Filter>Source Files</Filter>
    </ClCompile>
    <ClCompile Include="BoundingBox.cpp">
      <Filter>Source Files</Filter>
    </ClCompile>
    <ClCompile Include="Music.cpp">
      <Filter>Source Files</Filter>
    </ClCompile>
    <ClCompile Include="Sound.cpp">
      <Filter>Source Files</Filter>
    </ClCompile>
    <ClCompile Include="Text.cpp">
      <Filter>Source Files</Filter>
    </ClCompile>
    <ClCompile Include="Player.cpp">
      <Filter>Source Files</Filter>
    </ClCompile>
  </ItemGroup>
  <ItemGroup>
    <Media Include="blipSelect.wav">
      <Filter>Resource Files</Filter>
    </Media>
  </ItemGroup>
  <ItemGroup>
    <Font Include="hongkonghustle.ttf">
      <Filter>Resource Files</Filter>
    </Font>
  </ItemGroup>
</Project>